
Microsoft Visual Studio Solution File, Format Version 12.00
# Visual Studio Version 16
VisualStudioVersion = 16.0.30804.86
MinimumVisualStudioVersion = 10.0.40219.1
Project("{FAE04EC0-301F-11D3-BF4B-00C04F79EFBC}") = "MNIST", "MNIST\MNIST.csproj", "{7FC302B0-C1D8-4FE9-89CF-44F4DC619880}"
EndProject
Global
	GlobalSection(SolutionConfigurationPlatforms) = preSolution
		Debug|Any CPU = Debug|Any CPU
		Release|Any CPU = Release|Any CPU
	EndGlobalSection
	GlobalSection(ProjectConfigurationPlatforms) = postSolution
		{7FC302B0-C1D8-4FE9-89CF-44F4DC619880}.Debug|Any CPU.ActiveCfg = Debug|Any CPU
		{7FC302B0-C1D8-4FE9-89CF-44F4DC619880}.Debug|Any CPU.Build.0 = Debug|Any CPU
		{7FC302B0-C1D8-4FE9-89CF-44F4DC619880}.Release|Any CPU.ActiveCfg = Release|Any CPU
		{7FC302B0-C1D8-4FE9-89CF-44F4DC619880}.Release|Any CPU.Build.0 = Release|Any CPU
	EndGlobalSection
	GlobalSection(SolutionProperties) = preSolution
		HideSolutionNode = FALSE
	EndGlobalSection
	GlobalSection(ExtensibilityGlobals) = postSolution
		SolutionGuid = {7FA26479-0913-4F0C-A88A-EE03C84B7A38}
	EndGlobalSection
EndGlobal
